// !$*UTF8*$!
{
	archiveVersion = 1;
	classes = {
	};
	objectVersion = 46;
	objects = {

/* Begin PBXBuildFile section */
		248BF0D41B463C2D00405438 /* main.m in Sources */ = {isa = PBXBuildFile; fileRef = 248BF0D31B463C2D00405438 /* main.m */; };
		248BF0D71B463C2D00405438 /* AppDelegate.m in Sources */ = {isa = PBXBuildFile; fileRef = 248BF0D61B463C2D00405438 /* AppDelegate.m */; };
		248BF0DA1B463C2D00405438 /* ViewController.m in Sources */ = {isa = PBXBuildFile; fileRef = 248BF0D91B463C2D00405438 /* ViewController.m */; };
		248BF0DD1B463C2D00405438 /* Main.storyboard in Resources */ = {isa = PBXBuildFile; fileRef = 248BF0DB1B463C2D00405438 /* Main.storyboard */; };
		248BF0DF1B463C2D00405438 /* Images.xcassets in Resources */ = {isa = PBXBuildFile; fileRef = 248BF0DE1B463C2D00405438 /* Images.xcassets */; };
		248BF0E21B463C2D00405438 /* LaunchScreen.xib in Resources */ = {isa = PBXBuildFile; fileRef = 248BF0E01B463C2D00405438 /* LaunchScreen.xib */; };
		248BF0EE1B463C2D00405438 /* gitup_textTests.m in Sources */ = {isa = PBXBuildFile; fileRef = 248BF0ED1B463C2D00405438 /* gitup_textTests.m */; };
/* End PBXBuildFile section */

/* Begin PBXContainerItemProxy section */
		248BF0E81B463C2D00405438 /* PBXContainerItemProxy */ = {
			isa = PBXContainerItemProxy;
			containerPortal = 248BF0C61B463C2D00405438 /* Project object */;
			proxyType = 1;
			remoteGlobalIDString = 248BF0CD1B463C2D00405438;
			remoteInfo = "gitup text";
		};
/* End PBXContainerItemProxy section */

/* Begin PBXFileReference section */
		248BF0CE1B463C2D00405438 /* gitup text.app */ = {isa = PBXFileReference; explicitFileType = wrapper.application; includeInIndex = 0; path = "gitup text.app"; sourceTree = BUILT_PRODUCTS_DIR; };
		248BF0D21B463C2D00405438 /* Info.plist */ = {isa = PBXFileReference; lastKnownFileType = text.plist.xml; path = Info.plist; sourceTree = "<group>"; };
		248BF0D31B463C2D00405438 /* main.m */ = {isa = PBXFileReference; lastKnownFileType = sourcecode.c.objc; path = main.m; sourceTree = "<group>"; };
		248BF0D51B463C2D00405438 /* AppDelegate.h */ = {isa = PBXFileReference; lastKnownFileType = sourcecode.c.h; path = AppDelegate.h; sourceTree = "<group>"; };
		248BF0D61B463C2D00405438 /* AppDelegate.m */ = {isa = PBXFileReference; lastKnownFileType = sourcecode.c.objc; path = AppDelegate.m; sourceTree = "<group>"; };
		248BF0D81B463C2D00405438 /* ViewController.h */ = {isa = PBXFileReference; lastKnownFileType = sourcecode.c.h; path = ViewController.h; sourceTree = "<group>"; };
		248BF0D91B463C2D00405438 /* ViewController.m */ = {isa = PBXFileReference; lastKnownFileType = sourcecode.c.objc; path = ViewController.m; sourceTree = "<group>"; };
		248BF0DC1B463C2D00405438 /* Base */ = {isa = PBXFileReference; lastKnownFileType = file.storyboard; name = Base; path = Base.lproj/Main.storyboard; sourceTree = "<group>"; };
		248BF0DE1B463C2D00405438 /* Images.xcassets */ = {isa = PBXFileReference; lastKnownFileType = folder.assetcatalog; path = Images.xcassets; sourceTree = "<group>"; };
		248BF0E11B463C2D00405438 /* Base */ = {isa = PBXFileReference; lastKnownFileType = file.xib; name = Base; path = Base.lproj/LaunchScreen.xib; sourceTree = "<group>"; };
		248BF0E71B463C2D00405438 /* gitup textTests.xctest */ = {isa = PBXFileReference; explicitFileType = wrapper.cfbundle; includeInIndex = 0; path = "gitup textTests.xctest"; sourceTree = BUILT_PRODUCTS_DIR; };
		248BF0EC1B463C2D00405438 /* Info.plist */ = {isa = PBXFileReference; lastKnownFileType = text.plist.xml; path = Info.plist; sourceTree = "<group>"; };
		248BF0ED1B463C2D00405438 /* gitup_textTests.m */ = {isa = PBXFileReference; lastKnownFileType = sourcecode.c.objc; path = gitup_textTests.m; sourceTree = "<group>"; };
/* End PBXFileReference section */

/* Begin PBXFrameworksBuildPhase section */
		248BF0CB1B463C2D00405438 /* Frameworks */ = {
			isa = PBXFrameworksBuildPhase;
			buildActionMask = 2147483647;
			files = (
			);
			runOnlyForDeploymentPostprocessing = 0;
		};
		248BF0E41B463C2D00405438 /* Frameworks */ = {
			isa = PBXFrameworksBuildPhase;
			buildActionMask = 2147483647;
			files = (
			);
			runOnlyForDeploymentPostprocessing = 0;
		};
/* End PBXFrameworksBuildPhase section */

/* Begin PBXGroup section */
		248BF0C51B463C2D00405438 = {
			isa = PBXGroup;
			children = (
				248BF0D01B463C2D00405438 /* gitup text */,
				248BF0EA1B463C2D00405438 /* gitup textTests */,
				248BF0CF1B463C2D00405438 /* Products */,
			);
			sourceTree = "<group>";
		};
		248BF0CF1B463C2D00405438 /* Products */ = {
			isa = PBXGroup;
			children = (
				248BF0CE1B463C2D00405438 /* gitup text.app */,
				248BF0E71B463C2D00405438 /* gitup textTests.xctest */,
			);
			name = Products;
			sourceTree = "<group>";
		};
		248BF0D01B463C2D00405438 /* gitup text */ = {
			isa = PBXGroup;
			children = (
				248BF0D51B463C2D00405438 /* AppDelegate.h */,
				248BF0D61B463C2D00405438 /* AppDelegate.m */,
				248BF0D81B463C2D00405438 /* ViewController.h */,
				248BF0D91B463C2D00405438 /* ViewController.m */,
				248BF0DB1B463C2D00405438 /* Main.storyboard */,
				248BF0DE1B463C2D00405438 /* Images.xcassets */,
				248BF0E01B463C2D00405438 /* LaunchScreen.xib */,
				248BF0D11B463C2D00405438 /* Supporting Files */,
			);
			path = "gitup text";
			sourceTree = "<group>";
		};
		248BF0D11B463C2D00405438 /* Supporting Files */ = {
			isa = PBXGroup;
			children = (
				248BF0D21B463C2D00405438 /* Info.plist */,
				248BF0D31B463C2D00405438 /* main.m */,
			);
			name = "Supporting Files";
			sourceTree = "<group>";
		};
		248BF0EA1B463C2D00405438 /* gitup textTests */ = {
			isa = PBXGroup;
			children = (
				248BF0ED1B463C2D00405438 /* gitup_textTests.m */,
				248BF0EB1B463C2D00405438 /* Supporting Files */,
			);
			path = "gitup textTests";
			sourceTree = "<group>";
		};
		248BF0EB1B463C2D00405438 /* Supporting Files */ = {
			isa = PBXGroup;
			children = (
				248BF0EC1B463C2D00405438 /* Info.plist */,
			);
			name = "Supporting Files";
			sourceTree = "<group>";
		};
/* End PBXGroup section */

/* Begin PBXNativeTarget section */
		248BF0CD1B463C2D00405438 /* gitup text */ = {
			isa = PBXNativeTarget;
			buildConfigurationList = 248BF0F11B463C2D00405438 /* Build configuration list for PBXNativeTarget "gitup text" */;
			buildPhases = (
				248BF0CA1B463C2D00405438 /* Sources */,
				248BF0CB1B463C2D00405438 /* Frameworks */,
				248BF0CC1B463C2D00405438 /* Resources */,
			);
			buildRules = (
			);
			dependencies = (
			);
			name = "gitup text";
			productName = "gitup text";
			productReference = 248BF0CE1B463C2D00405438 /* gitup text.app */;
			productType = "com.apple.product-type.application";
		};
		248BF0E61B463C2D00405438 /* gitup textTests */ = {
			isa = PBXNativeTarget;
			buildConfigurationList = 248BF0F41B463C2D00405438 /* Build configuration list for PBXNativeTarget "gitup textTests" */;
			buildPhases = (
				248BF0E31B463C2D00405438 /* Sources */,
				248BF0E41B463C2D00405438 /* Frameworks */,
				248BF0E51B463C2D00405438 /* Resources */,
			);
			buildRules = (
			);
			dependencies = (
				248BF0E91B463C2D00405438 /* PBXTargetDependency */,
			);
			name = "gitup textTests";
			productName = "gitup textTests";
			productReference = 248BF0E71B463C2D00405438 /* gitup textTests.xctest */;
			productType = "com.apple.product-type.bundle.unit-test";
		};
/* End PBXNativeTarget section */

/* Begin PBXProject section */
		248BF0C61B463C2D00405438 /* Project object */ = {
			isa = PBXProject;
			attributes = {
				LastUpgradeCheck = 0610;
				ORGANIZATIONNAME = "陈超项目二学习";
				TargetAttributes = {
					248BF0CD1B463C2D00405438 = {
						CreatedOnToolsVersion = 6.1;
					};
					248BF0E61B463C2D00405438 = {
						CreatedOnToolsVersion = 6.1;
						TestTargetID = 248BF0CD1B463C2D00405438;
					};
				};
			};
			buildConfigurationList = 248BF0C91B463C2D00405438 /* Build configuration list for PBXProject "gitup text" */;
			compatibilityVersion = "Xcode 3.2";
			developmentRegion = English;
			hasScannedForEncodings = 0;
			knownRegions = (
				en,
				Base,
			);
			mainGroup = 248BF0C51B463C2D00405438;
			productRefGroup = 248BF0CF1B463C2D00405438 /* Products */;
			projectDirPath = "";
			projectRoot = "";
			targets = (
				248BF0CD1B463C2D00405438 /* gitup text */,
				248BF0E61B463C2D00405438 /* gitup textTests */,
			);
		};
/* End PBXProject section */

/* Begin PBXResourcesBuildPhase section */
		248BF0CC1B463C2D00405438 /* Resources */ = {
			isa = PBXResourcesBuildPhase;
			buildActionMask = 2147483647;
			files = (
				248BF0DD1B463C2D00405438 /* Main.storyboard in Resources */,
				248BF0E21B463C2D00405438 /* LaunchScreen.xib in Resources */,
				248BF0DF1B463C2D00405438 /* Images.xcassets in Resources */,
			);
			runOnlyForDeploymentPostprocessing = 0;
		};
		248BF0E51B463C2D00405438 /* Resources */ = {
			isa = PBXResourcesBuildPhase;
			buildActionMask = 2147483647;
			files = (
			);
			runOnlyForDeploymentPostprocessing = 0;
		};
/* End PBXResourcesBuildPhase section */

/* Begin PBXSourcesBuildPhase section */
		248BF0CA1B463C2D00405438 /* Sources */ = {
			isa = PBXSourcesBuildPhase;
			buildActionMask = 2147483647;
			files = (
				248BF0DA1B463C2D00405438 /* ViewController.m in Sources */,
				248BF0D71B463C2D00405438 /* AppDelegate.m in Sources */,
				248BF0D41B463C2D00405438 /* main.m in Sources */,
			);
			runOnlyForDeploymentPostprocessing = 0;
		};
		248BF0E31B463C2D00405438 /* Sources */ = {
			isa = PBXSourcesBuildPhase;
			buildActionMask = 2147483647;
			files = (
				248BF0EE1B463C2D00405438 /* gitup_textTests.m in Sources */,
			);
			runOnlyForDeploymentPostprocessing = 0;
		};
/* End PBXSourcesBuildPhase section */

/* Begin PBXTargetDependency section */
		248BF0E91B463C2D00405438 /* PBXTargetDependency */ = {
			isa = PBXTargetDependency;
			target = 248BF0CD1B463C2D00405438 /* gitup text */;
			targetProxy = 248BF0E81B463C2D00405438 /* PBXContainerItemProxy */;
		};
/* End PBXTargetDependency section */

/* Begin PBXVariantGroup section */
		248BF0DB1B463C2D00405438 /* Main.storyboard */ = {
			isa = PBXVariantGroup;
			children = (
				248BF0DC1B463C2D00405438 /* Base */,
			);
			name = Main.storyboard;
			sourceTree = "<group>";
		};
		248BF0E01B463C2D00405438 /* LaunchScreen.xib */ = {
			isa = PBXVariantGroup;
			children = (
				248BF0E11B463C2D00405438 /* Base */,
			);
			name = LaunchScreen.xib;
			sourceTree = "<group>";
		};
/* End PBXVariantGroup section */

/* Begin XCBuildConfiguration section */
		248BF0EF1B463C2D00405438 /* Debug */ = {
			isa = XCBuildConfiguration;
			buildSettings = {
				ALWAYS_SEARCH_USER_PATHS = NO;
				CLANG_CXX_LANGUAGE_STANDARD = "gnu++0x";
				CLANG_CXX_LIBRARY = "libc++";
				CLANG_ENABLE_MODULES = YES;
				CLANG_ENABLE_OBJC_ARC = YES;
				CLANG_WARN_BOOL_CONVERSION = YES;
				CLANG_WARN_CONSTANT_CONVERSION = YES;
				CLANG_WARN_DIRECT_OBJC_ISA_USAGE = YES_ERROR;
				CLANG_WARN_EMPTY_BODY = YES;
				CLANG_WARN_ENUM_CONVERSION = YES;
				CLANG_WARN_INT_CONVERSION = YES;
				CLANG_WARN_OBJC_ROOT_CLASS = YES_ERROR;
				CLANG_WARN_UNREACHABLE_CODE = YES;
				CLANG_WARN__DUPLICATE_METHOD_MATCH = YES;
				"CODE_SIGN_IDENTITY[sdk=iphoneos*]" = "iPhone Developer";
				COPY_PHASE_STRIP = NO;
				ENABLE_STRICT_OBJC_MSGSEND = YES;
				GCC_C_LANGUAGE_STANDARD = gnu99;
				GCC_DYNAMIC_NO_PIC = NO;
				GCC_OPTIMIZATION_LEVEL = 0;
				GCC_PREPROCESSOR_DEFINITIONS = (
					"DEBUG=1",
					"$(inherited)",
				);
				GCC_SYMBOLS_PRIVATE_EXTERN = NO;
				GCC_WARN_64_TO_32_BIT_CONVERSION = YES;
				GCC_WARN_ABOUT_RETURN_TYPE = YES_ERROR;
				GCC_WARN_UNDECLARED_SELECTOR = YES;
				GCC_WARN_UNINITIALIZED_AUTOS = YES_AGGRESSIVE;
				GCC_WARN_UNUSED_FUNCTION = YES;
				GCC_WARN_UNUSED_VARIABLE = YES;
				IPHONEOS_DEPLOYMENT_TARGET = 8.1;
				MTL_ENABLE_DEBUG_INFO = YES;
				ONLY_ACTIVE_ARCH = YES;
				SDKROOT = iphoneos;
			};
			name = Debug;
		};
		248BF0F01B463C2D00405438 /* Release */ = {
			isa = XCBuildConfiguration;
			buildSettings = {
				ALWAYS_SEARCH_USER_PATHS = NO;
				CLANG_CXX_LANGUAGE_STANDARD = "gnu++0x";
				CLANG_CXX_LIBRARY = "libc++";
				CLANG_ENABLE_MODULES = YES;
				CLANG_ENABLE_OBJC_ARC = YES;
				CLANG_WARN_BOOL_CONVERSION = YES;
				CLANG_WARN_CONSTANT_CONVERSION = YES;
				CLANG_WARN_DIRECT_OBJC_ISA_USAGE = YES_ERROR;
				CLANG_WARN_EMPTY_BODY = YES;
				CLANG_WARN_ENUM_CONVERSION = YES;
				CLANG_WARN_INT_CONVERSION = YES;
				CLANG_WARN_OBJC_ROOT_CLASS = YES_ERROR;
				CLANG_WARN_UNREACHABLE_CODE = YES;
				CLANG_WARN__DUPLICATE_METHOD_MATCH = YES;
				"CODE_SIGN_IDENTITY[sdk=iphoneos*]" = "iPhone Developer";
				COPY_PHASE_STRIP = YES;
				ENABLE_NS_ASSERTIONS = NO;
				ENABLE_STRICT_OBJC_MSGSEND = YES;
				GCC_C_LANGUAGE_STANDARD = gnu99;
				GCC_WARN_64_TO_32_BIT_CONVERSION = YES;
				GCC_WARN_ABOUT_RETURN_TYPE = YES_ERROR;
				GCC_WARN_UNDECLARED_SELECTOR = YES;
				GCC_WARN_UNINITIALIZED_AUTOS = YES_AGGRESSIVE;
				GCC_WARN_UNUSED_FUNCTION = YES;
				GCC_WARN_UNUSED_VARIABLE = YES;
				IPHONEOS_DEPLOYMENT_TARGET = 8.1;
				MTL_ENABLE_DEBUG_INFO = NO;
				SDKROOT = iphoneos;
				VALIDATE_PRODUCT = YES;
			};
			name = Release;
		};
		248BF0F21B463C2D00405438 /* Debug */ = {
			isa = XCBuildConfiguration;
			buildSettings = {
				ASSETCATALOG_COMPILER_APPICON_NAME = AppIcon;
				INFOPLIST_FILE = "gitup text/Info.plist";
				LD_RUNPATH_SEARCH_PATHS = "$(inherited) @executable_path/Frameworks";
				PRODUCT_NAME = "$(TARGET_NAME)";
			};
			name = Debug;
		};
		248BF0F31B463C2D00405438 /* Release */ = {
			isa = XCBuildConfiguration;
			buildSettings = {
				ASSETCATALOG_COMPILER_APPICON_NAME = AppIcon;
				INFOPLIST_FILE = "gitup text/Info.plist";
				LD_RUNPATH_SEARCH_PATHS = "$(inherited) @executable_path/Frameworks";
				PRODUCT_NAME = "$(TARGET_NAME)";
			};
			name = Release;
		};
		248BF0F51B463C2D00405438 /* Debug */ = {
			isa = XCBuildConfiguration;
			buildSettings = {
				BUNDLE_LOADER = "$(TEST_HOST)";
				FRAMEWORK_SEARCH_PATHS = (
					"$(SDKROOT)/Developer/Library/Frameworks",
					"$(inherited)",
				);
				GCC_PREPROCESSOR_DEFINITIONS = (
					"DEBUG=1",
					"$(inherited)",
				);
				INFOPLIST_FILE = "gitup textTests/Info.plist";
				LD_RUNPATH_SEARCH_PATHS = "$(inherited) @executable_path/Frameworks @loader_path/Frameworks";
				PRODUCT_NAME = "$(TARGET_NAME)";
				TEST_HOST = "$(BUILT_PRODUCTS_DIR)/gitup text.app/gitup text";
			};
			name = Debug;
		};
		248BF0F61B463C2D00405438 /* Release */ = {
			isa = XCBuildConfiguration;
			buildSettings = {
				BUNDLE_LOADER = "$(TEST_HOST)";
				FRAMEWORK_SEARCH_PATHS = (
					"$(SDKROOT)/Developer/Library/Frameworks",
					"$(inherited)",
				);
				INFOPLIST_FILE = "gitup textTests/Info.plist";
				LD_RUNPATH_SEARCH_PATHS = "$(inherited) @executable_path/Frameworks @loader_path/Frameworks";
				PRODUCT_NAME = "$(TARGET_NAME)";
				TEST_HOST = "$(BUILT_PRODUCTS_DIR)/gitup text.app/gitup text";
			};
			name = Release;
		};
/* End XCBuildConfiguration section */

/* Begin XCConfigurationList section */
		248BF0C91B463C2D00405438 /* Build configuration list for PBXProject "gitup text" */ = {
			isa = XCConfigurationList;
			buildConfigurations = (
				248BF0EF1B463C2D00405438 /* Debug */,
				248BF0F01B463C2D00405438 /* Release */,
			);
			defaultConfigurationIsVisible = 0;
			defaultConfigurationName = Release;
		};
		248BF0F11B463C2D00405438 /* Build configuration list for PBXNativeTarget "gitup text" */ = {
			isa = XCConfigurationList;
			buildConfigurations = (
				248BF0F21B463C2D00405438 /* Debug */,
				248BF0F31B463C2D00405438 /* Release */,
			);
			defaultConfigurationIsVisible = 0;
		};
		248BF0F41B463C2D00405438 /* Build configuration list for PBXNativeTarget "gitup textTests" */ = {
			isa = XCConfigurationList;
			buildConfigurations = (
				248BF0F51B463C2D00405438 /* Debug */,
				248BF0F61B463C2D00405438 /* Release */,
			);
			defaultConfigurationIsVisible = 0;
		};
/* End XCConfigurationList section */
	};
	rootObject = 248BF0C61B463C2D00405438 /* Project object */;
}
